PODS:
  - ReactiveCocoa (6.0.0):
    - ReactiveSwift (~> 2.0)
  - ReactiveSwift (2.0.0):
    - Result (~> 3.2)
  - Result (3.2.3)
  - VideoCache (0.1.0):
    - ReactiveCocoa
    - ReactiveSwift

DEPENDENCIES:
  - VideoCache (from `../`)

EXTERNAL SOURCES:
  VideoCache:
    :path: ../

SPEC CHECKSUMS:
  ReactiveCocoa: ca689e37b6a922f0273918220d735c43368de550
  ReactiveSwift: 36339167e571774d936482d0f6512f5118a74731
  Result: 128640a6347e8d2ae48b142556739a2d13f90ce6
  VideoCache: 09035baf6e5d9e59dc8406e11c52d0e0f58fc3bd

PODFILE CHECKSUM: 2e65c1783fe787e55187cbf2fed8647855da1646

COCOAPODS: 1.2.1
