PODS:
  - ReactiveSwift (1.1.1):
    - Result (~> 3.2)
  - Result (3.2.1)
  - VideoCache (0.1.0):
    - ReactiveSwift

DEPENDENCIES:
  - VideoCache (from `../`)

EXTERNAL SOURCES:
  VideoCache:
    :path: "../"

SPEC CHECKSUMS:
  ReactiveSwift: 2489549e3231a6ff68ec99f3d320bb264f10ba0a
  Result: 2453a22e5c5b11c0c3a478736e82cd02f763b781
  VideoCache: d4c0bea85d885f374937f99c2252ee045472d1d3

PODFILE CHECKSUM: 2e65c1783fe787e55187cbf2fed8647855da1646

COCOAPODS: 1.2.1
